github.com/dkoosis/conform v0.2.0 h1:w8spzU4WwFIA37/qln8zSKJVHZ81afvpU9oplWkkzwY=
github.com/dkoosis/conform v0.2.0/go.mod h1:Zq32Tf2c7K8O2MPAja+pJfOWmbika4Wn5qCZoUdcKEQ=
github.com/dkoosis/conform v0.2.1-0.20260905172110-5559869235a1 h1:5daEePJOAHSL8cojK2BszbRUmt/C5HHhSjjFa1WwfSM=
github.com/dkoosis/conform v0.2.1-0.20260905172110-5559869235a1/go.mod h1:Zq32Tf2c7K8O2MPAja+pJfOWmbika4Wn5qCZoUdcKEQ=
github.com/ncruces/go-sqlite3 v0.30.0 h1:EcoP5wtm8lRfRGQmOI782t/matUvzpqI3om9rTDngQ8=
github.com/ncruces/go-sqlite3 v0.30.0/go.mod h1:6mcRKUuA9qvAo7PcQU+wwcT2j/qGimg1qXO/pmj8Ryk=
github.com/ncruces/julianday v1.0.0 h1:fH0OKwa7NWvniGQtxdJRxAgkBMolni2BjDHaWTxqt7M=
github.com/ncruces/julianday v1.0.0/go.mod h1:Dusn2KvZrrovOMJuOt0TNXL6tB7U2E8kvza5fFc9G7g=
github.com/quasilyte/go-ruleguard/dsl v0.3.23 h1:lxjt5B6ZCiBeeNO8/oQsegE6fLeCzuMRoVWSkXC4uvY=
github.com/quasilyte/go-ruleguard/dsl v0.3.23/go.mod h1:KeCP03KrjuSO0H1kTuZQCWlQPulDV6YMIXmpQss17rU=
github.com/tetratelabs/wazero v1.9.0 h1:IcZ56OuxrtaEz8UYNRHBrUa9bYeX9oVY93KspZZBf/I=
github.com/tetratelabs/wazero v1.9.0/go.mod h1:TSbcXCfFP0L2FGkRPxHphadXPjo1T6W+CseNNY7EkjM=
golang.org/x/sys v0.37.0 h1:fdNQudmxPjkdUTPnLn5mdQv7Zwvbvpaxqs831goi9kQ=
golang.org/x/sys v0.37.0/go.mod h1:OgkHotnGiDImocRcuBABYBEXf8A9a87e/uXjp9XT3ks=
golang.org/x/text v0.30.0 h1:yznKA/E9zq54KzlzBEAWn1NXSQ8DIp/NYMy88xJjl4k=
golang.org/x/text v0.30.0/go.mod h1:yDdHFIX9t+tORqspjENWgzaCVXgk0yYnYuSZ8UzzBVM=
gopkg.in/check.v1 v0.0.0-20161208181325-20d25e280405 h1:yhCVgyC4o1eVCa2tZl7eS0r+SDo693bJlVdllGtEeKM=
gopkg.in/check.v1 v0.0.0-20161208181325-20d25e280405/go.mod h1:Co6ibVJAznAaIkqp8huTwlJQCZ016jof/cbN4VW5Yz0=
gopkg.in/yaml.v3 v3.0.1 h1:fxVm/GzAzEWqLHuvctI91KS9hhNmmWOoWu0XTYJS7CA=
gopkg.in/yaml.v3 v3.0.1/go.mod h1:K4uyk7z7BCEPqu6E+C64Yfv1cQ7kz7rIZviUmN+EgEM=
